
Microsoft Visual Studio Solution File, Format Version 12.00
# Visual Studio Version 17
VisualStudioVersion = 17.3.32811.315
MinimumVisualStudioVersion = 10.0.40219.1
Project("{FAE04EC0-301F-11D3-BF4B-00C04F79EFBC}") = "App06.Android", "App06\App06.Android\App06.Android.csproj", "{D1C8DCC4-0F94-4F2B-BAA3-C877F3E8A683}"
EndProject
Project("{FAE04EC0-301F-11D3-BF4B-00C04F79EFBC}") = "App06.iOS", "App06\App06.iOS\App06.iOS.csproj", "{7BD675F1-94E5-4987-8F88-7E8856BE3D53}"
EndProject
Project("{FAE04EC0-301F-11D3-BF4B-00C04F79EFBC}") = "App06", "App06\App06\App06.csproj", "{B24BA9CF-AF82-4A31-98D7-74A3B90A6D8E}"
EndProject
Global
	GlobalSection(SolutionConfigurationPlatforms) = preSolution
		Debug|Any CPU = Debug|Any CPU
		Debug|iPhone = Debug|iPhone
		Debug|iPhoneSimulator = Debug|iPhoneSimulator
		Release|Any CPU = Release|Any CPU
		Release|iPhone = Release|iPhone
		Release|iPhoneSimulator = Release|iPhoneSimulator
	EndGlobalSection
	GlobalSection(ProjectConfigurationPlatforms) = postSolution
		{D1C8DCC4-0F94-4F2B-BAA3-C877F3E8A683}.Debug|Any CPU.ActiveCfg = Debug|Any CPU
		{D1C8DCC4-0F94-4F2B-BAA3-C877F3E8A683}.Debug|Any CPU.Build.0 = Debug|Any CPU
		{D1C8DCC4-0F94-4F2B-BAA3-C877F3E8A683}.Debug|Any CPU.Deploy.0 = Debug|Any CPU
		{D1C8DCC4-0F94-4F2B-BAA3-C877F3E8A683}.Debug|iPhone.ActiveCfg = Debug|Any CPU
		{D1C8DCC4-0F94-4F2B-BAA3-C877F3E8A683}.Debug|iPhone.Build.0 = Debug|Any CPU
		{D1C8DCC4-0F94-4F2B-BAA3-C877F3E8A683}.Debug|iPhone.Deploy.0 = Debug|Any CPU
		{D1C8DCC4-0F94-4F2B-BAA3-C877F3E8A683}.Debug|iPhoneSimulator.ActiveCfg = Debug|Any CPU
		{D1C8DCC4-0F94-4F2B-BAA3-C877F3E8A683}.Debug|iPhoneSimulator.Build.0 = Debug|Any CPU
		{D1C8DCC4-0F94-4F2B-BAA3-C877F3E8A683}.Debug|iPhoneSimulator.Deploy.0 = Debug|Any CPU
		{D1C8DCC4-0F94-4F2B-BAA3-C877F3E8A683}.Release|Any CPU.ActiveCfg = Release|Any CPU
		{D1C8DCC4-0F94-4F2B-BAA3-C877F3E8A683}.Release|Any CPU.Build.0 = Release|Any CPU
		{D1C8DCC4-0F94-4F2B-BAA3-C877F3E8A683}.Release|Any CPU.Deploy.0 = Release|Any CPU
		{D1C8DCC4-0F94-4F2B-BAA3-C877F3E8A683}.Release|iPhone.ActiveCfg = Release|Any CPU
		{D1C8DCC4-0F94-4F2B-BAA3-C877F3E8A683}.Release|iPhone.Build.0 = Release|Any CPU
		{D1C8DCC4-0F94-4F2B-BAA3-C877F3E8A683}.Release|iPhone.Deploy.0 = Release|Any CPU
		{D1C8DCC4-0F94-4F2B-BAA3-C877F3E8A683}.Release|iPhoneSimulator.ActiveCfg = Release|Any CPU
		{D1C8DCC4-0F94-4F2B-BAA3-C877F3E8A683}.Release|iPhoneSimulator.Build.0 = Release|Any CPU
		{D1C8DCC4-0F94-4F2B-BAA3-C877F3E8A683}.Release|iPhoneSimulator.Deploy.0 = Release|Any CPU
		{7BD675F1-94E5-4987-8F88-7E8856BE3D53}.Debug|Any CPU.ActiveCfg = Debug|iPhone
		{7BD675F1-94E5-4987-8F88-7E8856BE3D53}.Debug|Any CPU.Build.0 = Debug|iPhone
		{7BD675F1-94E5-4987-8F88-7E8856BE3D53}.Debug|Any CPU.Deploy.0 = Debug|iPhone
		{7BD675F1-94E5-4987-8F88-7E8856BE3D53}.Debug|iPhone.ActiveCfg = Debug|iPhone
		{7BD675F1-94E5-4987-8F88-7E8856BE3D53}.Debug|iPhone.Build.0 = Debug|iPhone
		{7BD675F1-94E5-4987-8F88-7E8856BE3D53}.Debug|iPhone.Deploy.0 = Debug|iPhone
		{7BD675F1-94E5-4987-8F88-7E8856BE3D53}.Debug|iPhoneSimulator.ActiveCfg = Debug|iPhoneSimulator
		{7BD675F1-94E5-4987-8F88-7E8856BE3D53}.Debug|iPhoneSimulator.Build.0 = Debug|iPhoneSimulator
		{7BD675F1-94E5-4987-8F88-7E8856BE3D53}.Debug|iPhoneSimulator.Deploy.0 = Debug|iPhoneSimulator
		{7BD675F1-94E5-4987-8F88-7E8856BE3D53}.Release|Any CPU.ActiveCfg = Release|iPhoneSimulator
		{7BD675F1-94E5-4987-8F88-7E8856BE3D53}.Release|Any CPU.Build.0 = Release|iPhoneSimulator
		{7BD675F1-94E5-4987-8F88-7E8856BE3D53}.Release|Any CPU.Deploy.0 = Release|iPhoneSimulator
		{7BD675F1-94E5-4987-8F88-7E8856BE3D53}.Release|iPhone.ActiveCfg = Release|iPhone
		{7BD675F1-94E5-4987-8F88-7E8856BE3D53}.Release|iPhone.Build.0 = Release|iPhone
		{7BD675F1-94E5-4987-8F88-7E8856BE3D53}.Release|iPhone.Deploy.0 = Release|iPhone
		{7BD675F1-94E5-4987-8F88-7E8856BE3D53}.Release|iPhoneSimulator.ActiveCfg = Release|iPhoneSimulator
		{7BD675F1-94E5-4987-8F88-7E8856BE3D53}.Release|iPhoneSimulator.Build.0 = Release|iPhoneSimulator
		{7BD675F1-94E5-4987-8F88-7E8856BE3D53}.Release|iPhoneSimulator.Deploy.0 = Release|iPhoneSimulator
		{B24BA9CF-AF82-4A31-98D7-74A3B90A6D8E}.Debug|Any CPU.ActiveCfg = Debug|Any CPU
		{B24BA9CF-AF82-4A31-98D7-74A3B90A6D8E}.Debug|Any CPU.Build.0 = Debug|Any CPU
		{B24BA9CF-AF82-4A31-98D7-74A3B90A6D8E}.Debug|Any CPU.Deploy.0 = Debug|Any CPU
		{B24BA9CF-AF82-4A31-98D7-74A3B90A6D8E}.Debug|iPhone.ActiveCfg = Debug|Any CPU
		{B24BA9CF-AF82-4A31-98D7-74A3B90A6D8E}.Debug|iPhone.Build.0 = Debug|Any CPU
		{B24BA9CF-AF82-4A31-98D7-74A3B90A6D8E}.Debug|iPhone.Deploy.0 = Debug|Any CPU
		{B24BA9CF-AF82-4A31-98D7-74A3B90A6D8E}.Debug|iPhoneSimulator.ActiveCfg = Debug|Any CPU
		{B24BA9CF-AF82-4A31-98D7-74A3B90A6D8E}.Debug|iPhoneSimulator.Build.0 = Debug|Any CPU
		{B24BA9CF-AF82-4A31-98D7-74A3B90A6D8E}.Debug|iPhoneSimulator.Deploy.0 = Debug|Any CPU
		{B24BA9CF-AF82-4A31-98D7-74A3B90A6D8E}.Release|Any CPU.ActiveCfg = Release|Any CPU
		{B24BA9CF-AF82-4A31-98D7-74A3B90A6D8E}.Release|Any CPU.Build.0 = Release|Any CPU
		{B24BA9CF-AF82-4A31-98D7-74A3B90A6D8E}.Release|Any CPU.Deploy.0 = Release|Any CPU
		{B24BA9CF-AF82-4A31-98D7-74A3B90A6D8E}.Release|iPhone.ActiveCfg = Release|Any CPU
		{B24BA9CF-AF82-4A31-98D7-74A3B90A6D8E}.Release|iPhone.Build.0 = Release|Any CPU
		{B24BA9CF-AF82-4A31-98D7-74A3B90A6D8E}.Release|iPhone.Deploy.0 = Release|Any CPU
		{B24BA9CF-AF82-4A31-98D7-74A3B90A6D8E}.Release|iPhoneSimulator.ActiveCfg = Release|Any CPU
		{B24BA9CF-AF82-4A31-98D7-74A3B90A6D8E}.Release|iPhoneSimulator.Build.0 = Release|Any CPU
		{B24BA9CF-AF82-4A31-98D7-74A3B90A6D8E}.Release|iPhoneSimulator.Deploy.0 = Release|Any CPU
	EndGlobalSection
	GlobalSection(SolutionProperties) = preSolution
		HideSolutionNode = FALSE
	EndGlobalSection
	GlobalSection(ExtensibilityGlobals) = postSolution
		SolutionGuid = {9FAAD400-C471-4F9B-8493-6F0A38D645A3}
	EndGlobalSection
EndGlobal
