
Microsoft Visual Studio Solution File, Format Version 12.00
# Visual Studio Version 17
VisualStudioVersion = 17.2.32630.192
MinimumVisualStudioVersion = 10.0.40219.1
Project("{FAE04EC0-301F-11D3-BF4B-00C04F79EFBC}") = "App02.Android", "App02\App02.Android\App02.Android.csproj", "{80165EE4-6D1D-4350-8AB2-92FAB4DE0FE8}"
EndProject
Project("{FAE04EC0-301F-11D3-BF4B-00C04F79EFBC}") = "App02.iOS", "App02\App02.iOS\App02.iOS.csproj", "{84070D24-8EDD-4249-9207-E5CBEF1CF0A6}"
EndProject
Project("{FAE04EC0-301F-11D3-BF4B-00C04F79EFBC}") = "App02", "App02\App02\App02.csproj", "{1A33577D-DD91-4667-AC3F-B0FCEB5E465A}"
EndProject
Global
	GlobalSection(SolutionConfigurationPlatforms) = preSolution
		Debug|Any CPU = Debug|Any CPU
		Debug|iPhone = Debug|iPhone
		Debug|iPhoneSimulator = Debug|iPhoneSimulator
		Release|Any CPU = Release|Any CPU
		Release|iPhone = Release|iPhone
		Release|iPhoneSimulator = Release|iPhoneSimulator
	EndGlobalSection
	GlobalSection(ProjectConfigurationPlatforms) = postSolution
		{80165EE4-6D1D-4350-8AB2-92FAB4DE0FE8}.Debug|Any CPU.ActiveCfg = Debug|Any CPU
		{80165EE4-6D1D-4350-8AB2-92FAB4DE0FE8}.Debug|Any CPU.Build.0 = Debug|Any CPU
		{80165EE4-6D1D-4350-8AB2-92FAB4DE0FE8}.Debug|Any CPU.Deploy.0 = Debug|Any CPU
		{80165EE4-6D1D-4350-8AB2-92FAB4DE0FE8}.Debug|iPhone.ActiveCfg = Debug|Any CPU
		{80165EE4-6D1D-4350-8AB2-92FAB4DE0FE8}.Debug|iPhone.Build.0 = Debug|Any CPU
		{80165EE4-6D1D-4350-8AB2-92FAB4DE0FE8}.Debug|iPhone.Deploy.0 = Debug|Any CPU
		{80165EE4-6D1D-4350-8AB2-92FAB4DE0FE8}.Debug|iPhoneSimulator.ActiveCfg = Debug|Any CPU
		{80165EE4-6D1D-4350-8AB2-92FAB4DE0FE8}.Debug|iPhoneSimulator.Build.0 = Debug|Any CPU
		{80165EE4-6D1D-4350-8AB2-92FAB4DE0FE8}.Debug|iPhoneSimulator.Deploy.0 = Debug|Any CPU
		{80165EE4-6D1D-4350-8AB2-92FAB4DE0FE8}.Release|Any CPU.ActiveCfg = Release|Any CPU
		{80165EE4-6D1D-4350-8AB2-92FAB4DE0FE8}.Release|Any CPU.Build.0 = Release|Any CPU
		{80165EE4-6D1D-4350-8AB2-92FAB4DE0FE8}.Release|Any CPU.Deploy.0 = Release|Any CPU
		{80165EE4-6D1D-4350-8AB2-92FAB4DE0FE8}.Release|iPhone.ActiveCfg = Release|Any CPU
		{80165EE4-6D1D-4350-8AB2-92FAB4DE0FE8}.Release|iPhone.Build.0 = Release|Any CPU
		{80165EE4-6D1D-4350-8AB2-92FAB4DE0FE8}.Release|iPhone.Deploy.0 = Release|Any CPU
		{80165EE4-6D1D-4350-8AB2-92FAB4DE0FE8}.Release|iPhoneSimulator.ActiveCfg = Release|Any CPU
		{80165EE4-6D1D-4350-8AB2-92FAB4DE0FE8}.Release|iPhoneSimulator.Build.0 = Release|Any CPU
		{80165EE4-6D1D-4350-8AB2-92FAB4DE0FE8}.Release|iPhoneSimulator.Deploy.0 = Release|Any CPU
		{84070D24-8EDD-4249-9207-E5CBEF1CF0A6}.Debug|Any CPU.ActiveCfg = Debug|iPhone
		{84070D24-8EDD-4249-9207-E5CBEF1CF0A6}.Debug|Any CPU.Build.0 = Debug|iPhone
		{84070D24-8EDD-4249-9207-E5CBEF1CF0A6}.Debug|Any CPU.Deploy.0 = Debug|iPhone
		{84070D24-8EDD-4249-9207-E5CBEF1CF0A6}.Debug|iPhone.ActiveCfg = Debug|iPhone
		{84070D24-8EDD-4249-9207-E5CBEF1CF0A6}.Debug|iPhone.Build.0 = Debug|iPhone
		{84070D24-8EDD-4249-9207-E5CBEF1CF0A6}.Debug|iPhone.Deploy.0 = Debug|iPhone
		{84070D24-8EDD-4249-9207-E5CBEF1CF0A6}.Debug|iPhoneSimulator.ActiveCfg = Debug|iPhoneSimulator
		{84070D24-8EDD-4249-9207-E5CBEF1CF0A6}.Debug|iPhoneSimulator.Build.0 = Debug|iPhoneSimulator
		{84070D24-8EDD-4249-9207-E5CBEF1CF0A6}.Debug|iPhoneSimulator.Deploy.0 = Debug|iPhoneSimulator
		{84070D24-8EDD-4249-9207-E5CBEF1CF0A6}.Release|Any CPU.ActiveCfg = Release|iPhoneSimulator
		{84070D24-8EDD-4249-9207-E5CBEF1CF0A6}.Release|Any CPU.Build.0 = Release|iPhoneSimulator
		{84070D24-8EDD-4249-9207-E5CBEF1CF0A6}.Release|Any CPU.Deploy.0 = Release|iPhoneSimulator
		{84070D24-8EDD-4249-9207-E5CBEF1CF0A6}.Release|iPhone.ActiveCfg = Release|iPhone
		{84070D24-8EDD-4249-9207-E5CBEF1CF0A6}.Release|iPhone.Build.0 = Release|iPhone
		{84070D24-8EDD-4249-9207-E5CBEF1CF0A6}.Release|iPhone.Deploy.0 = Release|iPhone
		{84070D24-8EDD-4249-9207-E5CBEF1CF0A6}.Release|iPhoneSimulator.ActiveCfg = Release|iPhoneSimulator
		{84070D24-8EDD-4249-9207-E5CBEF1CF0A6}.Release|iPhoneSimulator.Build.0 = Release|iPhoneSimulator
		{84070D24-8EDD-4249-9207-E5CBEF1CF0A6}.Release|iPhoneSimulator.Deploy.0 = Release|iPhoneSimulator
		{1A33577D-DD91-4667-AC3F-B0FCEB5E465A}.Debug|Any CPU.ActiveCfg = Debug|Any CPU
		{1A33577D-DD91-4667-AC3F-B0FCEB5E465A}.Debug|Any CPU.Build.0 = Debug|Any CPU
		{1A33577D-DD91-4667-AC3F-B0FCEB5E465A}.Debug|Any CPU.Deploy.0 = Debug|Any CPU
		{1A33577D-DD91-4667-AC3F-B0FCEB5E465A}.Debug|iPhone.ActiveCfg = Debug|Any CPU
		{1A33577D-DD91-4667-AC3F-B0FCEB5E465A}.Debug|iPhone.Build.0 = Debug|Any CPU
		{1A33577D-DD91-4667-AC3F-B0FCEB5E465A}.Debug|iPhone.Deploy.0 = Debug|Any CPU
		{1A33577D-DD91-4667-AC3F-B0FCEB5E465A}.Debug|iPhoneSimulator.ActiveCfg = Debug|Any CPU
		{1A33577D-DD91-4667-AC3F-B0FCEB5E465A}.Debug|iPhoneSimulator.Build.0 = Debug|Any CPU
		{1A33577D-DD91-4667-AC3F-B0FCEB5E465A}.Debug|iPhoneSimulator.Deploy.0 = Debug|Any CPU
		{1A33577D-DD91-4667-AC3F-B0FCEB5E465A}.Release|Any CPU.ActiveCfg = Release|Any CPU
		{1A33577D-DD91-4667-AC3F-B0FCEB5E465A}.Release|Any CPU.Build.0 = Release|Any CPU
		{1A33577D-DD91-4667-AC3F-B0FCEB5E465A}.Release|Any CPU.Deploy.0 = Release|Any CPU
		{1A33577D-DD91-4667-AC3F-B0FCEB5E465A}.Release|iPhone.ActiveCfg = Release|Any CPU
		{1A33577D-DD91-4667-AC3F-B0FCEB5E465A}.Release|iPhone.Build.0 = Release|Any CPU
		{1A33577D-DD91-4667-AC3F-B0FCEB5E465A}.Release|iPhone.Deploy.0 = Release|Any CPU
		{1A33577D-DD91-4667-AC3F-B0FCEB5E465A}.Release|iPhoneSimulator.ActiveCfg = Release|Any CPU
		{1A33577D-DD91-4667-AC3F-B0FCEB5E465A}.Release|iPhoneSimulator.Build.0 = Release|Any CPU
		{1A33577D-DD91-4667-AC3F-B0FCEB5E465A}.Release|iPhoneSimulator.Deploy.0 = Release|Any CPU
	EndGlobalSection
	GlobalSection(SolutionProperties) = preSolution
		HideSolutionNode = FALSE
	EndGlobalSection
	GlobalSection(ExtensibilityGlobals) = postSolution
		SolutionGuid = {BAA7171F-A4BE-4861-8C05-500F2E7729F5}
	EndGlobalSection
EndGlobal
